
Microsoft Visual Studio Solution File, Format Version 12.00
# Visual Studio Version 16
VisualStudioVersion = 16.0.31321.278
MinimumVisualStudioVersion = 10.0.40219.1
Project("{FAE04EC0-301F-11D3-BF4B-00C04F79EFBC}") = "lab_03", "lab_03\lab_03.csproj", "{DA3E4D0A-14F9-4476-8294-97A6D826DDBA}"
EndProject
Global
	GlobalSection(SolutionConfigurationPlatforms) = preSolution
		Debug|Any CPU = Debug|Any CPU
		Release|Any CPU = Release|Any CPU
	EndGlobalSection
	GlobalSection(ProjectConfigurationPlatforms) = postSolution
		{DA3E4D0A-14F9-4476-8294-97A6D826DDBA}.Debug|Any CPU.ActiveCfg = Debug|Any CPU
		{DA3E4D0A-14F9-4476-8294-97A6D826DDBA}.Debug|Any CPU.Build.0 = Debug|Any CPU
		{DA3E4D0A-14F9-4476-8294-97A6D826DDBA}.Release|Any CPU.ActiveCfg = Release|Any CPU
		{DA3E4D0A-14F9-4476-8294-97A6D826DDBA}.Release|Any CPU.Build.0 = Release|Any CPU
	EndGlobalSection
	GlobalSection(SolutionProperties) = preSolution
		HideSolutionNode = FALSE
	EndGlobalSection
	GlobalSection(ExtensibilityGlobals) = postSolution
		SolutionGuid = {B82852C8-C3E1-457F-9A59-3E35733746F0}
	EndGlobalSection
EndGlobal
